
Microsoft Visual Studio Solution File, Format Version 12.00
# Visual Studio 15
VisualStudioVersion = 15.0.27428.2037
MinimumVisualStudioVersion = 10.0.40219.1
Project("{8BC9CEB8-8B4A-11D0-8D11-00A0C91BC942}") = "VulkanExtensionTest", "Example\VulkanExtensionTest\VulkanExtensionTest.vcxproj", "{6117C4B1-0FF4-4203-8907-612693BF43C7}"
EndProject
Project("{8BC9CEB8-8B4A-11D0-8D11-00A0C91BC942}") = "DrawIndex", "Example\DrawIndex\DrawIndex.vcxproj", "{E8777C9A-1442-4FAF-BB58-8AD6983033CF}"
EndProject
Project("{8BC9CEB8-8B4A-11D0-8D11-00A0C91BC942}") = "FirstTriangle", "Example\FirstTriangle\FirstTriangle.vcxproj", "{82FCDA7C-55B2-4DD8-AAF4-CC347A79BC71}"
EndProject
Project("{8BC9CEB8-8B4A-11D0-8D11-00A0C91BC942}") = "Uniform", "Example\Uniform\Uniform.vcxproj", "{C60690C5-550B-4227-8A91-41536DAA867C}"
EndProject
Project("{8BC9CEB8-8B4A-11D0-8D11-00A0C91BC942}") = "TextureImage", "Example\TextureImage\TextureImage.vcxproj", "{1814B961-48BA-4C29-B8DD-772990F3D7BC}"
EndProject
Global
	GlobalSection(SolutionConfigurationPlatforms) = preSolution
		Debug|x64 = Debug|x64
		Debug|x86 = Debug|x86
		Release|x64 = Release|x64
		Release|x86 = Release|x86
	EndGlobalSection
	GlobalSection(ProjectConfigurationPlatforms) = postSolution
		{6117C4B1-0FF4-4203-8907-612693BF43C7}.Debug|x64.ActiveCfg = Debug|x64
		{6117C4B1-0FF4-4203-8907-612693BF43C7}.Debug|x64.Build.0 = Debug|x64
		{6117C4B1-0FF4-4203-8907-612693BF43C7}.Debug|x86.ActiveCfg = Debug|Win32
		{6117C4B1-0FF4-4203-8907-612693BF43C7}.Debug|x86.Build.0 = Debug|Win32
		{6117C4B1-0FF4-4203-8907-612693BF43C7}.Release|x64.ActiveCfg = Release|x64
		{6117C4B1-0FF4-4203-8907-612693BF43C7}.Release|x64.Build.0 = Release|x64
		{6117C4B1-0FF4-4203-8907-612693BF43C7}.Release|x86.ActiveCfg = Release|Win32
		{6117C4B1-0FF4-4203-8907-612693BF43C7}.Release|x86.Build.0 = Release|Win32
		{E8777C9A-1442-4FAF-BB58-8AD6983033CF}.Debug|x64.ActiveCfg = Debug|x64
		{E8777C9A-1442-4FAF-BB58-8AD6983033CF}.Debug|x64.Build.0 = Debug|x64
		{E8777C9A-1442-4FAF-BB58-8AD6983033CF}.Debug|x86.ActiveCfg = Debug|Win32
		{E8777C9A-1442-4FAF-BB58-8AD6983033CF}.Debug|x86.Build.0 = Debug|Win32
		{E8777C9A-1442-4FAF-BB58-8AD6983033CF}.Release|x64.ActiveCfg = Release|x64
		{E8777C9A-1442-4FAF-BB58-8AD6983033CF}.Release|x64.Build.0 = Release|x64
		{E8777C9A-1442-4FAF-BB58-8AD6983033CF}.Release|x86.ActiveCfg = Release|Win32
		{E8777C9A-1442-4FAF-BB58-8AD6983033CF}.Release|x86.Build.0 = Release|Win32
		{82FCDA7C-55B2-4DD8-AAF4-CC347A79BC71}.Debug|x64.ActiveCfg = Debug|x64
		{82FCDA7C-55B2-4DD8-AAF4-CC347A79BC71}.Debug|x64.Build.0 = Debug|x64
		{82FCDA7C-55B2-4DD8-AAF4-CC347A79BC71}.Debug|x86.ActiveCfg = Debug|Win32
		{82FCDA7C-55B2-4DD8-AAF4-CC347A79BC71}.Debug|x86.Build.0 = Debug|Win32
		{82FCDA7C-55B2-4DD8-AAF4-CC347A79BC71}.Release|x64.ActiveCfg = Release|x64
		{82FCDA7C-55B2-4DD8-AAF4-CC347A79BC71}.Release|x64.Build.0 = Release|x64
		{82FCDA7C-55B2-4DD8-AAF4-CC347A79BC71}.Release|x86.ActiveCfg = Release|Win32
		{82FCDA7C-55B2-4DD8-AAF4-CC347A79BC71}.Release|x86.Build.0 = Release|Win32
		{C60690C5-550B-4227-8A91-41536DAA867C}.Debug|x64.ActiveCfg = Debug|x64
		{C60690C5-550B-4227-8A91-41536DAA867C}.Debug|x64.Build.0 = Debug|x64
		{C60690C5-550B-4227-8A91-41536DAA867C}.Debug|x86.ActiveCfg = Debug|Win32
		{C60690C5-550B-4227-8A91-41536DAA867C}.Debug|x86.Build.0 = Debug|Win32
		{C60690C5-550B-4227-8A91-41536DAA867C}.Release|x64.ActiveCfg = Release|x64
		{C60690C5-550B-4227-8A91-41536DAA867C}.Release|x64.Build.0 = Release|x64
		{C60690C5-550B-4227-8A91-41536DAA867C}.Release|x86.ActiveCfg = Release|Win32
		{C60690C5-550B-4227-8A91-41536DAA867C}.Release|x86.Build.0 = Release|Win32
		{1814B961-48BA-4C29-B8DD-772990F3D7BC}.Debug|x64.ActiveCfg = Debug|x64
		{1814B961-48BA-4C29-B8DD-772990F3D7BC}.Debug|x64.Build.0 = Debug|x64
		{1814B961-48BA-4C29-B8DD-772990F3D7BC}.Debug|x86.ActiveCfg = Debug|Win32
		{1814B961-48BA-4C29-B8DD-772990F3D7BC}.Debug|x86.Build.0 = Debug|Win32
		{1814B961-48BA-4C29-B8DD-772990F3D7BC}.Release|x64.ActiveCfg = Release|x64
		{1814B961-48BA-4C29-B8DD-772990F3D7BC}.Release|x64.Build.0 = Release|x64
		{1814B961-48BA-4C29-B8DD-772990F3D7BC}.Release|x86.ActiveCfg = Release|Win32
		{1814B961-48BA-4C29-B8DD-772990F3D7BC}.Release|x86.Build.0 = Release|Win32
	EndGlobalSection
	GlobalSection(SolutionProperties) = preSolution
		HideSolutionNode = FALSE
	EndGlobalSection
	GlobalSection(ExtensibilityGlobals) = postSolution
		SolutionGuid = {C89D0190-9508-4D26-A3FF-6F49F3320BAB}
	EndGlobalSection
EndGlobal
